
Microsoft Visual Studio Solution File, Format Version 12.00
# Visual Studio Version 17
VisualStudioVersion = 17.8.34511.84
MinimumVisualStudioVersion = 10.0.40219.1
Project("{FAE04EC0-301F-11D3-BF4B-00C04F79EFBC}") = "examen", "examen\examen.csproj", "{866B37E9-B705-4FAF-B246-BD855AB64009}"
EndProject
Global
	GlobalSection(SolutionConfigurationPlatforms) = preSolution
		Debug|Any CPU = Debug|Any CPU
		Release|Any CPU = Release|Any CPU
	EndGlobalSection
	GlobalSection(ProjectConfigurationPlatforms) = postSolution
		{866B37E9-B705-4FAF-B246-BD855AB64009}.Debug|Any CPU.ActiveCfg = Debug|Any CPU
		{866B37E9-B705-4FAF-B246-BD855AB64009}.Debug|Any CPU.Build.0 = Debug|Any CPU
		{866B37E9-B705-4FAF-B246-BD855AB64009}.Release|Any CPU.ActiveCfg = Release|Any CPU
		{866B37E9-B705-4FAF-B246-BD855AB64009}.Release|Any CPU.Build.0 = Release|Any CPU
	EndGlobalSection
	GlobalSection(SolutionProperties) = preSolution
		HideSolutionNode = FALSE
	EndGlobalSection
	GlobalSection(ExtensibilityGlobals) = postSolution
		SolutionGuid = {726BC2C1-3CEF-4980-B353-2D442F6CEAEC}
	EndGlobalSection
EndGlobal
